// !$*UTF8*$!
{
	archiveVersion = 1;
	classes = {
	};
	objectVersion = 55;
	objects = {

/* Begin PBXBuildFile section */
		941B398527739E9400D20564 /* GameOfLifeTvOSApp.swift in Sources */ = {isa = PBXBuildFile; fileRef = 941B398427739E9400D20564 /* GameOfLifeTvOSApp.swift */; };
		941B398727739E9400D20564 /* GameOfLifeTvOSView.swift in Sources */ = {isa = PBXBuildFile; fileRef = 941B398627739E9400D20564 /* GameOfLifeTvOSView.swift */; };
		941B398927739E9400D20564 /* Assets.xcassets in Resources */ = {isa = PBXBuildFile; fileRef = 941B398827739E9400D20564 /* Assets.xcassets */; };
		941B398C27739E9400D20564 /* Preview Assets.xcassets in Resources */ = {isa = PBXBuildFile; fileRef = 941B398B27739E9400D20564 /* Preview Assets.xcassets */; };
		941B399027739EA600D20564 /* GameOfLife.swift in Sources */ = {isa = PBXBuildFile; fileRef = 9455405F276F2B50006F52E4 /* GameOfLife.swift */; };
		941B399327739FB900D20564 /* GameOfLifeMacOSView.swift in Sources */ = {isa = PBXBuildFile; fileRef = 941B399227739FB900D20564 /* GameOfLifeMacOSView.swift */; };
		941B399427739FBC00D20564 /* ContentView.swift in Sources */ = {isa = PBXBuildFile; fileRef = 94EDB70B276E590400CE597E /* ContentView.swift */; };
		94554060276F2B50006F52E4 /* GameOfLife.swift in Sources */ = {isa = PBXBuildFile; fileRef = 9455405F276F2B50006F52E4 /* GameOfLife.swift */; };
		94EDB70A276E590400CE597E /* GameOfLifeApp.swift in Sources */ = {isa = PBXBuildFile; fileRef = 94EDB709276E590400CE597E /* GameOfLifeApp.swift */; };
		94EDB70C276E590400CE597E /* ContentView.swift in Sources */ = {isa = PBXBuildFile; fileRef = 94EDB70B276E590400CE597E /* ContentView.swift */; };
		94EDB70E276E590600CE597E /* Assets.xcassets in Resources */ = {isa = PBXBuildFile; fileRef = 94EDB70D276E590600CE597E /* Assets.xcassets */; };
		94EDB711276E590600CE597E /* Preview Assets.xcassets in Resources */ = {isa = PBXBuildFile; fileRef = 94EDB710276E590600CE597E /* Preview Assets.xcassets */; };
/* End PBXBuildFile section */

/* Begin PBXFileReference section */
		941B398227739E9400D20564 /* GameOfLifeTvOS.app */ = {isa = PBXFileReference; explicitFileType = wrapper.application; includeInIndex = 0; path = GameOfLifeTvOS.app; sourceTree = BUILT_PRODUCTS_DIR; };
		941B398427739E9400D20564 /* GameOfLifeTvOSApp.swift */ = {isa = PBXFileReference; lastKnownFileType = sourcecode.swift; path = GameOfLifeTvOSApp.swift; sourceTree = "<group>"; };
		941B398627739E9400D20564 /* GameOfLifeTvOSView.swift */ = {isa = PBXFileReference; lastKnownFileType = sourcecode.swift; path = GameOfLifeTvOSView.swift; sourceTree = "<group>"; };
		941B398827739E9400D20564 /* Assets.xcassets */ = {isa = PBXFileReference; lastKnownFileType = folder.assetcatalog; path = Assets.xcassets; sourceTree = "<group>"; };
		941B398B27739E9400D20564 /* Preview Assets.xcassets */ = {isa = PBXFileReference; lastKnownFileType = folder.assetcatalog; path = "Preview Assets.xcassets"; sourceTree = "<group>"; };
		941B399227739FB900D20564 /* GameOfLifeMacOSView.swift */ = {isa = PBXFileReference; lastKnownFileType = sourcecode.swift; path = GameOfLifeMacOSView.swift; sourceTree = "<group>"; };
		9455405F276F2B50006F52E4 /* GameOfLife.swift */ = {isa = PBXFileReference; lastKnownFileType = sourcecode.swift; path = GameOfLife.swift; sourceTree = "<group>"; };
		94EDB706276E590400CE597E /* GameOfLife.app */ = {isa = PBXFileReference; explicitFileType = wrapper.application; includeInIndex = 0; path = GameOfLife.app; sourceTree = BUILT_PRODUCTS_DIR; };
		94EDB709276E590400CE597E /* GameOfLifeApp.swift */ = {isa = PBXFileReference; lastKnownFileType = sourcecode.swift; path = GameOfLifeApp.swift; sourceTree = "<group>"; };
		94EDB70B276E590400CE597E /* ContentView.swift */ = {isa = PBXFileReference; lastKnownFileType = sourcecode.swift; path = ContentView.swift; sourceTree = "<group>"; };
		94EDB70D276E590600CE597E /* Assets.xcassets */ = {isa = PBXFileReference; lastKnownFileType = folder.assetcatalog; path = Assets.xcassets; sourceTree = "<group>"; };
		94EDB710276E590600CE597E /* Preview Assets.xcassets */ = {isa = PBXFileReference; lastKnownFileType = folder.assetcatalog; path = "Preview Assets.xcassets"; sourceTree = "<group>"; };
		94EDB712276E590600CE597E /* GameOfLife.entitlements */ = {isa = PBXFileReference; lastKnownFileType = text.plist.entitlements; path = GameOfLife.entitlements; sourceTree = "<group>"; };
/* End PBXFileReference section */

/* Begin PBXFrameworksBuildPhase section */
		941B397F27739E9400D20564 /* Frameworks */ = {
			isa = PBXFrameworksBuildPhase;
			buildActionMask = 2147483647;
			files = (
			);
			runOnlyForDeploymentPostprocessing = 0;
		};
		94EDB703276E590400CE597E /* Frameworks */ = {
			isa = PBXFrameworksBuildPhase;
			buildActionMask = 2147483647;
			files = (
			);
			runOnlyForDeploymentPostprocessing = 0;
		};
/* End PBXFrameworksBuildPhase section */

/* Begin PBXGroup section */
		941B398327739E9400D20564 /* GameOfLifeTvOS */ = {
			isa = PBXGroup;
			children = (
				941B398427739E9400D20564 /* GameOfLifeTvOSApp.swift */,
				941B398627739E9400D20564 /* GameOfLifeTvOSView.swift */,
				941B398827739E9400D20564 /* Assets.xcassets */,
				941B398A27739E9400D20564 /* Preview Content */,
			);
			path = GameOfLifeTvOS;
			sourceTree = "<group>";
		};
		941B398A27739E9400D20564 /* Preview Content */ = {
			isa = PBXGroup;
			children = (
				941B398B27739E9400D20564 /* Preview Assets.xcassets */,
			);
			path = "Preview Content";
			sourceTree = "<group>";
		};
		94EDB6FD276E590400CE597E = {
			isa = PBXGroup;
			children = (
				94EDB708276E590400CE597E /* GameOfLife */,
				941B398327739E9400D20564 /* GameOfLifeTvOS */,
				94EDB707276E590400CE597E /* Products */,
			);
			sourceTree = "<group>";
		};
		94EDB707276E590400CE597E /* Products */ = {
			isa = PBXGroup;
			children = (
				94EDB706276E590400CE597E /* GameOfLife.app */,
				941B398227739E9400D20564 /* GameOfLifeTvOS.app */,
			);
			name = Products;
			sourceTree = "<group>";
		};
		94EDB708276E590400CE597E /* GameOfLife */ = {
			isa = PBXGroup;
			children = (
				94EDB709276E590400CE597E /* GameOfLifeApp.swift */,
				9455405F276F2B50006F52E4 /* GameOfLife.swift */,
				941B399227739FB900D20564 /* GameOfLifeMacOSView.swift */,
				94EDB70B276E590400CE597E /* ContentView.swift */,
				94EDB70D276E590600CE597E /* Assets.xcassets */,
				94EDB712276E590600CE597E /* GameOfLife.entitlements */,
				94EDB70F276E590600CE597E /* Preview Content */,
			);
			path = GameOfLife;
			sourceTree = "<group>";
		};
		94EDB70F276E590600CE597E /* Preview Content */ = {
			isa = PBXGroup;
			children = (
				94EDB710276E590600CE597E /* Preview Assets.xcassets */,
			);
			path = "Preview Content";
			sourceTree = "<group>";
		};
/* End PBXGroup section */

/* Begin PBXNativeTarget section */
		941B398127739E9400D20564 /* GameOfLifeTvOS */ = {
			isa = PBXNativeTarget;
			buildConfigurationList = 941B398F27739E9400D20564 /* Build configuration list for PBXNativeTarget "GameOfLifeTvOS" */;
			buildPhases = (
				941B397E27739E9400D20564 /* Sources */,
				941B397F27739E9400D20564 /* Frameworks */,
				941B398027739E9400D20564 /* Resources */,
			);
			buildRules = (
			);
			dependencies = (
			);
			name = GameOfLifeTvOS;
			productName = GameOfLifeTvOS;
			productReference = 941B398227739E9400D20564 /* GameOfLifeTvOS.app */;
			productType = "com.apple.product-type.application";
		};
		94EDB705276E590400CE597E /* GameOfLife */ = {
			isa = PBXNativeTarget;
			buildConfigurationList = 94EDB715276E590600CE597E /* Build configuration list for PBXNativeTarget "GameOfLife" */;
			buildPhases = (
				94EDB702276E590400CE597E /* Sources */,
				94EDB703276E590400CE597E /* Frameworks */,
				94EDB704276E590400CE597E /* Resources */,
			);
			buildRules = (
			);
			dependencies = (
			);
			name = GameOfLife;
			productName = GameOfLife;
			productReference = 94EDB706276E590400CE597E /* GameOfLife.app */;
			productType = "com.apple.product-type.application";
		};
/* End PBXNativeTarget section */

/* Begin PBXProject section */
		94EDB6FE276E590400CE597E /* Project object */ = {
			isa = PBXProject;
			attributes = {
				BuildIndependentTargetsInParallel = 1;
				LastSwiftUpdateCheck = 1320;
				LastUpgradeCheck = 1320;
				TargetAttributes = {
					941B398127739E9400D20564 = {
						CreatedOnToolsVersion = 13.2.1;
					};
					94EDB705276E590400CE597E = {
						CreatedOnToolsVersion = 13.2;
					};
				};
			};
			buildConfigurationList = 94EDB701276E590400CE597E /* Build configuration list for PBXProject "GameOfLife" */;
			compatibilityVersion = "Xcode 13.0";
			developmentRegion = en;
			hasScannedForEncodings = 0;
			knownRegions = (
				en,
				Base,
			);
			mainGroup = 94EDB6FD276E590400CE597E;
			productRefGroup = 94EDB707276E590400CE597E /* Products */;
			projectDirPath = "";
			projectRoot = "";
			targets = (
				94EDB705276E590400CE597E /* GameOfLife */,
				941B398127739E9400D20564 /* GameOfLifeTvOS */,
			);
		};
/* End PBXProject section */

/* Begin PBXResourcesBuildPhase section */
		941B398027739E9400D20564 /* Resources */ = {
			isa = PBXResourcesBuildPhase;
			buildActionMask = 2147483647;
			files = (
				941B398C27739E9400D20564 /* Preview Assets.xcassets in Resources */,
				941B398927739E9400D20564 /* Assets.xcassets in Resources */,
			);
			runOnlyForDeploymentPostprocessing = 0;
		};
		94EDB704276E590400CE597E /* Resources */ = {
			isa = PBXResourcesBuildPhase;
			buildActionMask = 2147483647;
			files = (
				94EDB711276E590600CE597E /* Preview Assets.xcassets in Resources */,
				94EDB70E276E590600CE597E /* Assets.xcassets in Resources */,
			);
			runOnlyForDeploymentPostprocessing = 0;
		};
/* End PBXResourcesBuildPhase section */

/* Begin PBXSourcesBuildPhase section */
		941B397E27739E9400D20564 /* Sources */ = {
			isa = PBXSourcesBuildPhase;
			buildActionMask = 2147483647;
			files = (
				941B398727739E9400D20564 /* GameOfLifeTvOSView.swift in Sources */,
				941B399027739EA600D20564 /* GameOfLife.swift in Sources */,
				941B399427739FBC00D20564 /* ContentView.swift in Sources */,
				941B398527739E9400D20564 /* GameOfLifeTvOSApp.swift in Sources */,
			);
			runOnlyForDeploymentPostprocessing = 0;
		};
		94EDB702276E590400CE597E /* Sources */ = {
			isa = PBXSourcesBuildPhase;
			buildActionMask = 2147483647;
			files = (
				94EDB70C276E590400CE597E /* ContentView.swift in Sources */,
				941B399327739FB900D20564 /* GameOfLifeMacOSView.swift in Sources */,
				94554060276F2B50006F52E4 /* GameOfLife.swift in Sources */,
				94EDB70A276E590400CE597E /* GameOfLifeApp.swift in Sources */,
			);
			runOnlyForDeploymentPostprocessing = 0;
		};
/* End PBXSourcesBuildPhase section */

/* Begin XCBuildConfiguration section */
		941B398D27739E9400D20564 /* Debug */ = {
			isa = XCBuildConfiguration;
			buildSettings = {
				ASSETCATALOG_COMPILER_APPICON_NAME = "App Icon & Top Shelf Image";
				ASSETCATALOG_COMPILER_GLOBAL_ACCENT_COLOR_NAME = AccentColor;
				CODE_SIGN_STYLE = Automatic;
				CURRENT_PROJECT_VERSION = 1;
				DEVELOPMENT_ASSET_PATHS = "\"GameOfLifeTvOS/Preview Content\"";
				DEVELOPMENT_TEAM = VNLK894MAE;
				ENABLE_PREVIEWS = YES;
				GENERATE_INFOPLIST_FILE = YES;
				INFOPLIST_KEY_CFBundleDisplayName = GameOfLife;
				INFOPLIST_KEY_UILaunchScreen_Generation = YES;
				INFOPLIST_KEY_UIUserInterfaceStyle = Automatic;
				LD_RUNPATH_SEARCH_PATHS = (
					"$(inherited)",
					"@executable_path/Frameworks",
				);
				MARKETING_VERSION = 1.0;
				PRODUCT_BUNDLE_IDENTIFIER = mulot.org.GameOfLifeTvOS;
				PRODUCT_NAME = "$(TARGET_NAME)";
				SDKROOT = appletvos;
				SWIFT_EMIT_LOC_STRINGS = YES;
				SWIFT_VERSION = 5.0;
				TARGETED_DEVICE_FAMILY = 3;
				TVOS_DEPLOYMENT_TARGET = 15.2;
			};
			name = Debug;
		};
		941B398E27739E9400D20564 /* Release */ = {
			isa = XCBuildConfiguration;
			buildSettings = {
				ASSETCATALOG_COMPILER_APPICON_NAME = "App Icon & Top Shelf Image";
				ASSETCATALOG_COMPILER_GLOBAL_ACCENT_COLOR_NAME = AccentColor;
				CODE_SIGN_STYLE = Automatic;
				CURRENT_PROJECT_VERSION = 1;
				DEVELOPMENT_ASSET_PATHS = "\"GameOfLifeTvOS/Preview Content\"";
				DEVELOPMENT_TEAM = VNLK894MAE;
				ENABLE_PREVIEWS = YES;
				GENERATE_INFOPLIST_FILE = YES;
				INFOPLIST_KEY_CFBundleDisplayName = GameOfLife;
				INFOPLIST_KEY_UILaunchScreen_Generation = YES;
				INFOPLIST_KEY_UIUserInterfaceStyle = Automatic;
				LD_RUNPATH_SEARCH_PATHS = (
					"$(inherited)",
					"@executable_path/Frameworks",
				);
				MARKETING_VERSION = 1.0;
				PRODUCT_BUNDLE_IDENTIFIER = mulot.org.GameOfLifeTvOS;
				PRODUCT_NAME = "$(TARGET_NAME)";
				SDKROOT = appletvos;
				SWIFT_EMIT_LOC_STRINGS = YES;
				SWIFT_VERSION = 5.0;
				TARGETED_DEVICE_FAMILY = 3;
				TVOS_DEPLOYMENT_TARGET = 15.2;
				VALIDATE_PRODUCT = YES;
			};
			name = Release;
		};
		94EDB713276E590600CE597E /* Debug */ = {
			isa = XCBuildConfiguration;
			buildSettings = {
				ALWAYS_SEARCH_USER_PATHS = NO;
				CLANG_ANALYZER_NONNULL = YES;
				CLANG_ANALYZER_NUMBER_OBJECT_CONVERSION = YES_AGGRESSIVE;
				CLANG_CXX_LANGUAGE_STANDARD = "gnu++17";
				CLANG_CXX_LIBRARY = "libc++";
				CLANG_ENABLE_MODULES = YES;
				CLANG_ENABLE_OBJC_ARC = YES;
				CLANG_ENABLE_OBJC_WEAK = YES;
				CLANG_WARN_BLOCK_CAPTURE_AUTORELEASING = YES;
				CLANG_WARN_BOOL_CONVERSION = YES;
				CLANG_WARN_COMMA = YES;
				CLANG_WARN_CONSTANT_CONVERSION = YES;
				CLANG_WARN_DEPRECATED_OBJC_IMPLEMENTATIONS = YES;
				CLANG_WARN_DIRECT_OBJC_ISA_USAGE = YES_ERROR;
				CLANG_WARN_DOCUMENTATION_COMMENTS = YES;
				CLANG_WARN_EMPTY_BODY = YES;
				CLANG_WARN_ENUM_CONVERSION = YES;
				CLANG_WARN_INFINITE_RECURSION = YES;
				CLANG_WARN_INT_CONVERSION = YES;
				CLANG_WARN_NON_LITERAL_NULL_CONVERSION = YES;
				CLANG_WARN_OBJC_IMPLICIT_RETAIN_SELF = YES;
				CLANG_WARN_OBJC_LITERAL_CONVERSION = YES;
				CLANG_WARN_OBJC_ROOT_CLASS = YES_ERROR;
				CLANG_WARN_QUOTED_INCLUDE_IN_FRAMEWORK_HEADER = YES;
				CLANG_WARN_RANGE_LOOP_ANALYSIS = YES;
				CLANG_WARN_STRICT_PROTOTYPES = YES;
				CLANG_WARN_SUSPICIOUS_MOVE = YES;
				CLANG_WARN_UNGUARDED_AVAILABILITY = YES_AGGRESSIVE;
				CLANG_WARN_UNREACHABLE_CODE = YES;
				CLANG_WARN__DUPLICATE_METHOD_MATCH = YES;
				COPY_PHASE_STRIP = NO;
				DEBUG_INFORMATION_FORMAT = dwarf;
				ENABLE_STRICT_OBJC_MSGSEND = YES;
				ENABLE_TESTABILITY = YES;
				GCC_C_LANGUAGE_STANDARD = gnu11;
				GCC_DYNAMIC_NO_PIC = NO;
				GCC_NO_COMMON_BLOCKS = YES;
				GCC_OPTIMIZATION_LEVEL = 0;
				GCC_PREPROCESSOR_DEFINITIONS = (
					"DEBUG=1",
					"$(inherited)",
				);
				GCC_WARN_64_TO_32_BIT_CONVERSION = YES;
				GCC_WARN_ABOUT_RETURN_TYPE = YES_ERROR;
				GCC_WARN_UNDECLARED_SELECTOR = YES;
				GCC_WARN_UNINITIALIZED_AUTOS = YES_AGGRESSIVE;
				GCC_WARN_UNUSED_FUNCTION = YES;
				GCC_WARN_UNUSED_VARIABLE = YES;
				MACOSX_DEPLOYMENT_TARGET = 12.1;
				MTL_ENABLE_DEBUG_INFO = INCLUDE_SOURCE;
				MTL_FAST_MATH = YES;
				ONLY_ACTIVE_ARCH = YES;
				SDKROOT = macosx;
				SWIFT_ACTIVE_COMPILATION_CONDITIONS = DEBUG;
				SWIFT_OPTIMIZATION_LEVEL = "-Onone";
			};
			name = Debug;
		};
		94EDB714276E590600CE597E /* Release */ = {
			isa = XCBuildConfiguration;
			buildSettings = {
				ALWAYS_SEARCH_USER_PATHS = NO;
				CLANG_ANALYZER_NONNULL = YES;
				CLANG_ANALYZER_NUMBER_OBJECT_CONVERSION = YES_AGGRESSIVE;
				CLANG_CXX_LANGUAGE_STANDARD = "gnu++17";
				CLANG_CXX_LIBRARY = "libc++";
				CLANG_ENABLE_MODULES = YES;
				CLANG_ENABLE_OBJC_ARC = YES;
				CLANG_ENABLE_OBJC_WEAK = YES;
				CLANG_WARN_BLOCK_CAPTURE_AUTORELEASING = YES;
				CLANG_WARN_BOOL_CONVERSION = YES;
				CLANG_WARN_COMMA = YES;
				CLANG_WARN_CONSTANT_CONVERSION = YES;
				CLANG_WARN_DEPRECATED_OBJC_IMPLEMENTATIONS = YES;
				CLANG_WARN_DIRECT_OBJC_ISA_USAGE = YES_ERROR;
				CLANG_WARN_DOCUMENTATION_COMMENTS = YES;
				CLANG_WARN_EMPTY_BODY = YES;
				CLANG_WARN_ENUM_CONVERSION = YES;
				CLANG_WARN_INFINITE_RECURSION = YES;
				CLANG_WARN_INT_CONVERSION = YES;
				CLANG_WARN_NON_LITERAL_NULL_CONVERSION = YES;
				CLANG_WARN_OBJC_IMPLICIT_RETAIN_SELF = YES;
				CLANG_WARN_OBJC_LITERAL_CONVERSION = YES;
				CLANG_WARN_OBJC_ROOT_CLASS = YES_ERROR;
				CLANG_WARN_QUOTED_INCLUDE_IN_FRAMEWORK_HEADER = YES;
				CLANG_WARN_RANGE_LOOP_ANALYSIS = YES;
				CLANG_WARN_STRICT_PROTOTYPES = YES;
				CLANG_WARN_SUSPICIOUS_MOVE = YES;
				CLANG_WARN_UNGUARDED_AVAILABILITY = YES_AGGRESSIVE;
				CLANG_WARN_UNREACHABLE_CODE = YES;
				CLANG_WARN__DUPLICATE_METHOD_MATCH = YES;
				COPY_PHASE_STRIP = NO;
				DEBUG_INFORMATION_FORMAT = "dwarf-with-dsym";
				ENABLE_NS_ASSERTIONS = NO;
				ENABLE_STRICT_OBJC_MSGSEND = YES;
				GCC_C_LANGUAGE_STANDARD = gnu11;
				GCC_NO_COMMON_BLOCKS = YES;
				GCC_WARN_64_TO_32_BIT_CONVERSION = YES;
				GCC_WARN_ABOUT_RETURN_TYPE = YES_ERROR;
				GCC_WARN_UNDECLARED_SELECTOR = YES;
				GCC_WARN_UNINITIALIZED_AUTOS = YES_AGGRESSIVE;
				GCC_WARN_UNUSED_FUNCTION = YES;
				GCC_WARN_UNUSED_VARIABLE = YES;
				MACOSX_DEPLOYMENT_TARGET = 12.1;
				MTL_ENABLE_DEBUG_INFO = NO;
				MTL_FAST_MATH = YES;
				SDKROOT = macosx;
				SWIFT_COMPILATION_MODE = wholemodule;
				SWIFT_OPTIMIZATION_LEVEL = "-O";
			};
			name = Release;
		};
		94EDB716276E590600CE597E /* Debug */ = {
			isa = XCBuildConfiguration;
			buildSettings = {
				ASSETCATALOG_COMPILER_APPICON_NAME = AppIcon;
				ASSETCATALOG_COMPILER_GLOBAL_ACCENT_COLOR_NAME = AccentColor;
				CODE_SIGN_ENTITLEMENTS = GameOfLife/GameOfLife.entitlements;
				CODE_SIGN_STYLE = Automatic;
				COMBINE_HIDPI_IMAGES = YES;
				CURRENT_PROJECT_VERSION = 1;
				DEVELOPMENT_ASSET_PATHS = "\"GameOfLife/Preview Content\"";
				DEVELOPMENT_TEAM = VNLK894MAE;
				ENABLE_HARDENED_RUNTIME = YES;
				ENABLE_PREVIEWS = YES;
				GENERATE_INFOPLIST_FILE = YES;
				INFOPLIST_KEY_NSHumanReadableCopyright = "";
				LD_RUNPATH_SEARCH_PATHS = (
					"$(inherited)",
					"@executable_path/../Frameworks",
				);
				MARKETING_VERSION = 1.0;
				PRODUCT_BUNDLE_IDENTIFIER = mulot.org.GameOfLife;
				PRODUCT_NAME = "$(TARGET_NAME)";
				SWIFT_EMIT_LOC_STRINGS = YES;
				SWIFT_VERSION = 5.0;
			};
			name = Debug;
		};
		94EDB717276E590600CE597E /* Release */ = {
			isa = XCBuildConfiguration;
			buildSettings = {
				ASSETCATALOG_COMPILER_APPICON_NAME = AppIcon;
				ASSETCATALOG_COMPILER_GLOBAL_ACCENT_COLOR_NAME = AccentColor;
				CODE_SIGN_ENTITLEMENTS = GameOfLife/GameOfLife.entitlements;
				CODE_SIGN_STYLE = Automatic;
				COMBINE_HIDPI_IMAGES = YES;
				CURRENT_PROJECT_VERSION = 1;
				DEVELOPMENT_ASSET_PATHS = "\"GameOfLife/Preview Content\"";
				DEVELOPMENT_TEAM = VNLK894MAE;
				ENABLE_HARDENED_RUNTIME = YES;
				ENABLE_PREVIEWS = YES;
				GENERATE_INFOPLIST_FILE = YES;
				INFOPLIST_KEY_NSHumanReadableCopyright = "";
				LD_RUNPATH_SEARCH_PATHS = (
					"$(inherited)",
					"@executable_path/../Frameworks",
				);
				MARKETING_VERSION = 1.0;
				PRODUCT_BUNDLE_IDENTIFIER = mulot.org.GameOfLife;
				PRODUCT_NAME = "$(TARGET_NAME)";
				SWIFT_EMIT_LOC_STRINGS = YES;
				SWIFT_VERSION = 5.0;
			};
			name = Release;
		};
/* End XCBuildConfiguration section */

/* Begin XCConfigurationList section */
		941B398F27739E9400D20564 /* Build configuration list for PBXNativeTarget "GameOfLifeTvOS" */ = {
			isa = XCConfigurationList;
			buildConfigurations = (
				941B398D27739E9400D20564 /* Debug */,
				941B398E27739E9400D20564 /* Release */,
			);
			defaultConfigurationIsVisible = 0;
			defaultConfigurationName = Release;
		};
		94EDB701276E590400CE597E /* Build configuration list for PBXProject "GameOfLife" */ = {
			isa = XCConfigurationList;
			buildConfigurations = (
				94EDB713276E590600CE597E /* Debug */,
				94EDB714276E590600CE597E /* Release */,
			);
			defaultConfigurationIsVisible = 0;
			defaultConfigurationName = Release;
		};
		94EDB715276E590600CE597E /* Build configuration list for PBXNativeTarget "GameOfLife" */ = {
			isa = XCConfigurationList;
			buildConfigurations = (
				94EDB716276E590600CE597E /* Debug */,
				94EDB717276E590600CE597E /* Release */,
			);
			defaultConfigurationIsVisible = 0;
			defaultConfigurationName = Release;
		};
/* End XCConfigurationList section */
	};
	rootObject = 94EDB6FE276E590400CE597E /* Project object */;
}
